
Microsoft Visual Studio Solution File, Format Version 12.00
# Visual Studio Version 17
VisualStudioVersion = 17.14.36408.4
MinimumVisualStudioVersion = 10.0.40219.1
Project("{FAE04EC0-301F-11D3-BF4B-00C04F79EFBC}") = "WileySoftwareMudBlazor", "WileySoftwareMudBlazor\WileySoftwareMudBlazor.csproj", "{76BF7466-B6ED-41F1-B6DF-F6E4CEA5955E}"
EndProject
Global
	GlobalSection(SolutionConfigurationPlatforms) = preSolution
		Debug|Any CPU = Debug|Any CPU
		Release|Any CPU = Release|Any CPU
	EndGlobalSection
	GlobalSection(ProjectConfigurationPlatforms) = postSolution
		{76BF7466-B6ED-41F1-B6DF-F6E4CEA5955E}.Debug|Any CPU.ActiveCfg = Debug|Any CPU
		{76BF7466-B6ED-41F1-B6DF-F6E4CEA5955E}.Debug|Any CPU.Build.0 = Debug|Any CPU
		{76BF7466-B6ED-41F1-B6DF-F6E4CEA5955E}.Release|Any CPU.ActiveCfg = Release|Any CPU
		{76BF7466-B6ED-41F1-B6DF-F6E4CEA5955E}.Release|Any CPU.Build.0 = Release|Any CPU
	EndGlobalSection
	GlobalSection(SolutionProperties) = preSolution
		HideSolutionNode = FALSE
	EndGlobalSection
	GlobalSection(ExtensibilityGlobals) = postSolution
		SolutionGuid = {B21574BA-DE1A-4D16-8A29-C8B4E351C427}
	EndGlobalSection
EndGlobal
